// !$*UTF8*$!
{
	archiveVersion = 1;
	classes = {
	};
	objectVersion = 46;
	objects = {

/* Begin PBXBuildFile section */
		8B337FAF1FDBB73400842AFC /* AppDelegate.swift in Sources */ = {isa = PBXBuildFile; fileRef = 8B337FAE1FDBB73400842AFC /* AppDelegate.swift */; };
		8B337FB11FDBB73400842AFC /* ViewController.swift in Sources */ = {isa = PBXBuildFile; fileRef = 8B337FB01FDBB73400842AFC /* ViewController.swift */; };
		8B337FB41FDBB73400842AFC /* Main.storyboard in Resources */ = {isa = PBXBuildFile; fileRef = 8B337FB21FDBB73400842AFC /* Main.storyboard */; };
		8B337FB71FDBB73400842AFC /* CounterApp.xcdatamodeld in Sources */ = {isa = PBXBuildFile; fileRef = 8B337FB51FDBB73400842AFC /* CounterApp.xcdatamodeld */; };
		8B337FB91FDBB73400842AFC /* Assets.xcassets in Resources */ = {isa = PBXBuildFile; fileRef = 8B337FB81FDBB73400842AFC /* Assets.xcassets */; };
		8B337FBC1FDBB73400842AFC /* LaunchScreen.storyboard in Resources */ = {isa = PBXBuildFile; fileRef = 8B337FBA1FDBB73400842AFC /* LaunchScreen.storyboard */; };
		8B337FC71FDBB73400842AFC /* CounterAppTests.swift in Sources */ = {isa = PBXBuildFile; fileRef = 8B337FC61FDBB73400842AFC /* CounterAppTests.swift */; };
		8B337FD21FDBB73400842AFC /* CounterAppUITests.swift in Sources */ = {isa = PBXBuildFile; fileRef = 8B337FD11FDBB73400842AFC /* CounterAppUITests.swift */; };
/* End PBXBuildFile section */

/* Begin PBXContainerItemProxy section */
		8B337FC31FDBB73400842AFC /* PBXContainerItemProxy */ = {
			isa = PBXContainerItemProxy;
			containerPortal = 8B337FA31FDBB73400842AFC /* Project object */;
			proxyType = 1;
			remoteGlobalIDString = 8B337FAA1FDBB73400842AFC;
			remoteInfo = CounterApp;
		};
		8B337FCE1FDBB73400842AFC /* PBXContainerItemProxy */ = {
			isa = PBXContainerItemProxy;
			containerPortal = 8B337FA31FDBB73400842AFC /* Project object */;
			proxyType = 1;
			remoteGlobalIDString = 8B337FAA1FDBB73400842AFC;
			remoteInfo = CounterApp;
		};
/* End PBXContainerItemProxy section */

/* Begin PBXFileReference section */
		8B337FAB1FDBB73400842AFC /* CounterApp.app */ = {isa = PBXFileReference; explicitFileType = wrapper.application; includeInIndex = 0; path = CounterApp.app; sourceTree = BUILT_PRODUCTS_DIR; };
		8B337FAE1FDBB73400842AFC /* AppDelegate.swift */ = {isa = PBXFileReference; lastKnownFileType = sourcecode.swift; path = AppDelegate.swift; sourceTree = "<group>"; };
		8B337FB01FDBB73400842AFC /* ViewController.swift */ = {isa = PBXFileReference; lastKnownFileType = sourcecode.swift; path = ViewController.swift; sourceTree = "<group>"; };
		8B337FB31FDBB73400842AFC /* Base */ = {isa = PBXFileReference; lastKnownFileType = file.storyboard; name = Base; path = Base.lproj/Main.storyboard; sourceTree = "<group>"; };
		8B337FB61FDBB73400842AFC /* CounterApp.xcdatamodel */ = {isa = PBXFileReference; lastKnownFileType = wrapper.xcdatamodel; path = CounterApp.xcdatamodel; sourceTree = "<group>"; };
		8B337FB81FDBB73400842AFC /* Assets.xcassets */ = {isa = PBXFileReference; lastKnownFileType = folder.assetcatalog; path = Assets.xcassets; sourceTree = "<group>"; };
		8B337FBB1FDBB73400842AFC /* Base */ = {isa = PBXFileReference; lastKnownFileType = file.storyboard; name = Base; path = Base.lproj/LaunchScreen.storyboard; sourceTree = "<group>"; };
		8B337FBD1FDBB73400842AFC /* Info.plist */ = {isa = PBXFileReference; lastKnownFileType = text.plist.xml; path = Info.plist; sourceTree = "<group>"; };
		8B337FC21FDBB73400842AFC /* CounterAppTests.xctest */ = {isa = PBXFileReference; explicitFileType = wrapper.cfbundle; includeInIndex = 0; path = CounterAppTests.xctest; sourceTree = BUILT_PRODUCTS_DIR; };
		8B337FC61FDBB73400842AFC /* CounterAppTests.swift */ = {isa = PBXFileReference; lastKnownFileType = sourcecode.swift; path = CounterAppTests.swift; sourceTree = "<group>"; };
		8B337FC81FDBB73400842AFC /* Info.plist */ = {isa = PBXFileReference; lastKnownFileType = text.plist.xml; path = Info.plist; sourceTree = "<group>"; };
		8B337FCD1FDBB73400842AFC /* CounterAppUITests.xctest */ = {isa = PBXFileReference; explicitFileType = wrapper.cfbundle; includeInIndex = 0; path = CounterAppUITests.xctest; sourceTree = BUILT_PRODUCTS_DIR; };
		8B337FD11FDBB73400842AFC /* CounterAppUITests.swift */ = {isa = PBXFileReference; lastKnownFileType = sourcecode.swift; path = CounterAppUITests.swift; sourceTree = "<group>"; };
		8B337FD31FDBB73400842AFC /* Info.plist */ = {isa = PBXFileReference; lastKnownFileType = text.plist.xml; path = Info.plist; sourceTree = "<group>"; };
/* End PBXFileReference section */

/* Begin PBXFrameworksBuildPhase section */
		8B337FA81FDBB73400842AFC /* Frameworks */ = {
			isa = PBXFrameworksBuildPhase;
			buildActionMask = 2147483647;
			files = (
			);
			runOnlyForDeploymentPostprocessing = 0;
		};
		8B337FBF1FDBB73400842AFC /* Frameworks */ = {
			isa = PBXFrameworksBuildPhase;
			buildActionMask = 2147483647;
			files = (
			);
			runOnlyForDeploymentPostprocessing = 0;
		};
		8B337FCA1FDBB73400842AFC /* Frameworks */ = {
			isa = PBXFrameworksBuildPhase;
			buildActionMask = 2147483647;
			files = (
			);
			runOnlyForDeploymentPostprocessing = 0;
		};
/* End PBXFrameworksBuildPhase section */

/* Begin PBXGroup section */
		8B337FA21FDBB73400842AFC = {
			isa = PBXGroup;
			children = (
				8B337FAD1FDBB73400842AFC /* CounterApp */,
				8B337FC51FDBB73400842AFC /* CounterAppTests */,
				8B337FD01FDBB73400842AFC /* CounterAppUITests */,
				8B337FAC1FDBB73400842AFC /* Products */,
			);
			sourceTree = "<group>";
		};
		8B337FAC1FDBB73400842AFC /* Products */ = {
			isa = PBXGroup;
			children = (
				8B337FAB1FDBB73400842AFC /* CounterApp.app */,
				8B337FC21FDBB73400842AFC /* CounterAppTests.xctest */,
				8B337FCD1FDBB73400842AFC /* CounterAppUITests.xctest */,
			);
			name = Products;
			sourceTree = "<group>";
		};
		8B337FAD1FDBB73400842AFC /* CounterApp */ = {
			isa = PBXGroup;
			children = (
				8B337FAE1FDBB73400842AFC /* AppDelegate.swift */,
				8B337FB01FDBB73400842AFC /* ViewController.swift */,
				8B337FB21FDBB73400842AFC /* Main.storyboard */,
				8B337FB81FDBB73400842AFC /* Assets.xcassets */,
				8B337FBA1FDBB73400842AFC /* LaunchScreen.storyboard */,
				8B337FBD1FDBB73400842AFC /* Info.plist */,
				8B337FB51FDBB73400842AFC /* CounterApp.xcdatamodeld */,
			);
			path = CounterApp;
			sourceTree = "<group>";
		};
		8B337FC51FDBB73400842AFC /* CounterAppTests */ = {
			isa = PBXGroup;
			children = (
				8B337FC61FDBB73400842AFC /* CounterAppTests.swift */,
				8B337FC81FDBB73400842AFC /* Info.plist */,
			);
			path = CounterAppTests;
			sourceTree = "<group>";
		};
		8B337FD01FDBB73400842AFC /* CounterAppUITests */ = {
			isa = PBXGroup;
			children = (
				8B337FD11FDBB73400842AFC /* CounterAppUITests.swift */,
				8B337FD31FDBB73400842AFC /* Info.plist */,
			);
			path = CounterAppUITests;
			sourceTree = "<group>";
		};
/* End PBXGroup section */

/* Begin PBXNativeTarget section */
		8B337FAA1FDBB73400842AFC /* CounterApp */ = {
			isa = PBXNativeTarget;
			buildConfigurationList = 8B337FD61FDBB73400842AFC /* Build configuration list for PBXNativeTarget "CounterApp" */;
			buildPhases = (
				8B337FA71FDBB73400842AFC /* Sources */,
				8B337FA81FDBB73400842AFC /* Frameworks */,
				8B337FA91FDBB73400842AFC /* Resources */,
			);
			buildRules = (
			);
			dependencies = (
			);
			name = CounterApp;
			productName = CounterApp;
			productReference = 8B337FAB1FDBB73400842AFC /* CounterApp.app */;
			productType = "com.apple.product-type.application";
		};
		8B337FC11FDBB73400842AFC /* CounterAppTests */ = {
			isa = PBXNativeTarget;
			buildConfigurationList = 8B337FD91FDBB73400842AFC /* Build configuration list for PBXNativeTarget "CounterAppTests" */;
			buildPhases = (
				8B337FBE1FDBB73400842AFC /* Sources */,
				8B337FBF1FDBB73400842AFC /* Frameworks */,
				8B337FC01FDBB73400842AFC /* Resources */,
			);
			buildRules = (
			);
			dependencies = (
				8B337FC41FDBB73400842AFC /* PBXTargetDependency */,
			);
			name = CounterAppTests;
			productName = CounterAppTests;
			productReference = 8B337FC21FDBB73400842AFC /* CounterAppTests.xctest */;
			productType = "com.apple.product-type.bundle.unit-test";
		};
		8B337FCC1FDBB73400842AFC /* CounterAppUITests */ = {
			isa = PBXNativeTarget;
			buildConfigurationList = 8B337FDC1FDBB73400842AFC /* Build configuration list for PBXNativeTarget "CounterAppUITests" */;
			buildPhases = (
				8B337FC91FDBB73400842AFC /* Sources */,
				8B337FCA1FDBB73400842AFC /* Frameworks */,
				8B337FCB1FDBB73400842AFC /* Resources */,
			);
			buildRules = (
			);
			dependencies = (
				8B337FCF1FDBB73400842AFC /* PBXTargetDependency */,
			);
			name = CounterAppUITests;
			productName = CounterAppUITests;
			productReference = 8B337FCD1FDBB73400842AFC /* CounterAppUITests.xctest */;
			productType = "com.apple.product-type.bundle.ui-testing";
		};
/* End PBXNativeTarget section */

/* Begin PBXProject section */
		8B337FA31FDBB73400842AFC /* Project object */ = {
			isa = PBXProject;
			attributes = {
				LastSwiftUpdateCheck = 0800;
				LastUpgradeCheck = 0800;
				ORGANIZATIONNAME = "Nano Degree";
				TargetAttributes = {
					8B337FAA1FDBB73400842AFC = {
						CreatedOnToolsVersion = 8.0;
						ProvisioningStyle = Automatic;
					};
					8B337FC11FDBB73400842AFC = {
						CreatedOnToolsVersion = 8.0;
						ProvisioningStyle = Automatic;
						TestTargetID = 8B337FAA1FDBB73400842AFC;
					};
					8B337FCC1FDBB73400842AFC = {
						CreatedOnToolsVersion = 8.0;
						ProvisioningStyle = Automatic;
						TestTargetID = 8B337FAA1FDBB73400842AFC;
					};
				};
			};
			buildConfigurationList = 8B337FA61FDBB73400842AFC /* Build configuration list for PBXProject "CounterApp" */;
			compatibilityVersion = "Xcode 3.2";
			developmentRegion = English;
			hasScannedForEncodings = 0;
			knownRegions = (
				en,
				Base,
			);
			mainGroup = 8B337FA21FDBB73400842AFC;
			productRefGroup = 8B337FAC1FDBB73400842AFC /* Products */;
			projectDirPath = "";
			projectRoot = "";
			targets = (
				8B337FAA1FDBB73400842AFC /* CounterApp */,
				8B337FC11FDBB73400842AFC /* CounterAppTests */,
				8B337FCC1FDBB73400842AFC /* CounterAppUITests */,
			);
		};
/* End PBXProject section */

/* Begin PBXResourcesBuildPhase section */
		8B337FA91FDBB73400842AFC /* Resources */ = {
			isa = PBXResourcesBuildPhase;
			buildActionMask = 2147483647;
			files = (
				8B337FBC1FDBB73400842AFC /* LaunchScreen.storyboard in Resources */,
				8B337FB91FDBB73400842AFC /* Assets.xcassets in Resources */,
				8B337FB41FDBB73400842AFC /* Main.storyboard in Resources */,
			);
			runOnlyForDeploymentPostprocessing = 0;
		};
		8B337FC01FDBB73400842AFC /* Resources */ = {
			isa = PBXResourcesBuildPhase;
			buildActionMask = 2147483647;
			files = (
			);
			runOnlyForDeploymentPostprocessing = 0;
		};
		8B337FCB1FDBB73400842AFC /* Resources */ = {
			isa = PBXResourcesBuildPhase;
			buildActionMask = 2147483647;
			files = (
			);
			runOnlyForDeploymentPostprocessing = 0;
		};
/* End PBXResourcesBuildPhase section */

/* Begin PBXSourcesBuildPhase section */
		8B337FA71FDBB73400842AFC /* Sources */ = {
			isa = PBXSourcesBuildPhase;
			buildActionMask = 2147483647;
			files = (
				8B337FB11FDBB73400842AFC /* ViewController.swift in Sources */,
				8B337FAF1FDBB73400842AFC /* AppDelegate.swift in Sources */,
				8B337FB71FDBB73400842AFC /* CounterApp.xcdatamodeld in Sources */,
			);
			runOnlyForDeploymentPostprocessing = 0;
		};
		8B337FBE1FDBB73400842AFC /* Sources */ = {
			isa = PBXSourcesBuildPhase;
			buildActionMask = 2147483647;
			files = (
				8B337FC71FDBB73400842AFC /* CounterAppTests.swift in Sources */,
			);
			runOnlyForDeploymentPostprocessing = 0;
		};
		8B337FC91FDBB73400842AFC /* Sources */ = {
			isa = PBXSourcesBuildPhase;
			buildActionMask = 2147483647;
			files = (
				8B337FD21FDBB73400842AFC /* CounterAppUITests.swift in Sources */,
			);
			runOnlyForDeploymentPostprocessing = 0;
		};
/* End PBXSourcesBuildPhase section */

/* Begin PBXTargetDependency section */
		8B337FC41FDBB73400842AFC /* PBXTargetDependency */ = {
			isa = PBXTargetDependency;
			target = 8B337FAA1FDBB73400842AFC /* CounterApp */;
			targetProxy = 8B337FC31FDBB73400842AFC /* PBXContainerItemProxy */;
		};
		8B337FCF1FDBB73400842AFC /* PBXTargetDependency */ = {
			isa = PBXTargetDependency;
			target = 8B337FAA1FDBB73400842AFC /* CounterApp */;
			targetProxy = 8B337FCE1FDBB73400842AFC /* PBXContainerItemProxy */;
		};
/* End PBXTargetDependency section */

/* Begin PBXVariantGroup section */
		8B337FB21FDBB73400842AFC /* Main.storyboard */ = {
			isa = PBXVariantGroup;
			children = (
				8B337FB31FDBB73400842AFC /* Base */,
			);
			name = Main.storyboard;
			sourceTree = "<group>";
		};
		8B337FBA1FDBB73400842AFC /* LaunchScreen.storyboard */ = {
			isa = PBXVariantGroup;
			children = (
				8B337FBB1FDBB73400842AFC /* Base */,
			);
			name = LaunchScreen.storyboard;
			sourceTree = "<group>";
		};
/* End PBXVariantGroup section */

/* Begin XCBuildConfiguration section */
		8B337FD41FDBB73400842AFC /* Debug */ = {
			isa = XCBuildConfiguration;
			buildSettings = {
				ALWAYS_SEARCH_USER_PATHS = NO;
				CLANG_ANALYZER_NONNULL = YES;
				CLANG_CXX_LANGUAGE_STANDARD = "gnu++0x";
				CLANG_CXX_LIBRARY = "libc++";
				CLANG_ENABLE_MODULES = YES;
				CLANG_ENABLE_OBJC_ARC = YES;
				CLANG_WARN_BOOL_CONVERSION = YES;
				CLANG_WARN_CONSTANT_CONVERSION = YES;
				CLANG_WARN_DIRECT_OBJC_ISA_USAGE = YES_ERROR;
				CLANG_WARN_DOCUMENTATION_COMMENTS = YES;
				CLANG_WARN_EMPTY_BODY = YES;
				CLANG_WARN_ENUM_CONVERSION = YES;
				CLANG_WARN_INFINITE_RECURSION = YES;
				CLANG_WARN_INT_CONVERSION = YES;
				CLANG_WARN_OBJC_ROOT_CLASS = YES_ERROR;
				CLANG_WARN_SUSPICIOUS_MOVES = YES;
				CLANG_WARN_UNREACHABLE_CODE = YES;
				CLANG_WARN__DUPLICATE_METHOD_MATCH = YES;
				"CODE_SIGN_IDENTITY[sdk=iphoneos*]" = "iPhone Developer";
				COPY_PHASE_STRIP = NO;
				DEBUG_INFORMATION_FORMAT = dwarf;
				ENABLE_STRICT_OBJC_MSGSEND = YES;
				ENABLE_TESTABILITY = YES;
				GCC_C_LANGUAGE_STANDARD = gnu99;
				GCC_DYNAMIC_NO_PIC = NO;
				GCC_NO_COMMON_BLOCKS = YES;
				GCC_OPTIMIZATION_LEVEL = 0;
				GCC_PREPROCESSOR_DEFINITIONS = (
					"DEBUG=1",
					"$(inherited)",
				);
				GCC_WARN_64_TO_32_BIT_CONVERSION = YES;
				GCC_WARN_ABOUT_RETURN_TYPE = YES_ERROR;
				GCC_WARN_UNDECLARED_SELECTOR = YES;
				GCC_WARN_UNINITIALIZED_AUTOS = YES_AGGRESSIVE;
				GCC_WARN_UNUSED_FUNCTION = YES;
				GCC_WARN_UNUSED_VARIABLE = YES;
				IPHONEOS_DEPLOYMENT_TARGET = 10.0;
				MTL_ENABLE_DEBUG_INFO = YES;
				ONLY_ACTIVE_ARCH = YES;
				SDKROOT = iphoneos;
				SWIFT_ACTIVE_COMPILATION_CONDITIONS = DEBUG;
				SWIFT_OPTIMIZATION_LEVEL = "-Onone";
				TARGETED_DEVICE_FAMILY = "1,2";
			};
			name = Debug;
		};
		8B337FD51FDBB73400842AFC /* Release */ = {
			isa = XCBuildConfiguration;
			buildSettings = {
				ALWAYS_SEARCH_USER_PATHS = NO;
				CLANG_ANALYZER_NONNULL = YES;
				CLANG_CXX_LANGUAGE_STANDARD = "gnu++0x";
				CLANG_CXX_LIBRARY = "libc++";
				CLANG_ENABLE_MODULES = YES;
				CLANG_ENABLE_OBJC_ARC = YES;
				CLANG_WARN_BOOL_CONVERSION = YES;
				CLANG_WARN_CONSTANT_CONVERSION = YES;
				CLANG_WARN_DIRECT_OBJC_ISA_USAGE = YES_ERROR;
				CLANG_WARN_DOCUMENTATION_COMMENTS = YES;
				CLANG_WARN_EMPTY_BODY = YES;
				CLANG_WARN_ENUM_CONVERSION = YES;
				CLANG_WARN_INFINITE_RECURSION = YES;
				CLANG_WARN_INT_CONVERSION = YES;
				CLANG_WARN_OBJC_ROOT_CLASS = YES_ERROR;
				CLANG_WARN_SUSPICIOUS_MOVES = YES;
				CLANG_WARN_UNREACHABLE_CODE = YES;
				CLANG_WARN__DUPLICATE_METHOD_MATCH = YES;
				"CODE_SIGN_IDENTITY[sdk=iphoneos*]" = "iPhone Developer";
				COPY_PHASE_STRIP = NO;
				DEBUG_INFORMATION_FORMAT = "dwarf-with-dsym";
				ENABLE_NS_ASSERTIONS = NO;
				ENABLE_STRICT_OBJC_MSGSEND = YES;
				GCC_C_LANGUAGE_STANDARD = gnu99;
				GCC_NO_COMMON_BLOCKS = YES;
				GCC_WARN_64_TO_32_BIT_CONVERSION = YES;
				GCC_WARN_ABOUT_RETURN_TYPE = YES_ERROR;
				GCC_WARN_UNDECLARED_SELECTOR = YES;
				GCC_WARN_UNINITIALIZED_AUTOS = YES_AGGRESSIVE;
				GCC_WARN_UNUSED_FUNCTION = YES;
				GCC_WARN_UNUSED_VARIABLE = YES;
				IPHONEOS_DEPLOYMENT_TARGET = 10.0;
				MTL_ENABLE_DEBUG_INFO = NO;
				SDKROOT = iphoneos;
				SWIFT_OPTIMIZATION_LEVEL = "-Owholemodule";
				TARGETED_DEVICE_FAMILY = "1,2";
				VALIDATE_PRODUCT = YES;
			};
			name = Release;
		};
		8B337FD71FDBB73400842AFC /* Debug */ = {
			isa = XCBuildConfiguration;
			buildSettings = {
				ASSETCATALOG_COMPILER_APPICON_NAME = AppIcon;
				INFOPLIST_FILE = CounterApp/Info.plist;
				LD_RUNPATH_SEARCH_PATHS = "$(inherited) @executable_path/Frameworks";
				PRODUCT_BUNDLE_IDENTIFIER = CounterApp.CounterApp;
				PRODUCT_NAME = "$(TARGET_NAME)";
				SWIFT_VERSION = 3.0;
			};
			name = Debug;
		};
		8B337FD81FDBB73400842AFC /* Release */ = {
			isa = XCBuildConfiguration;
			buildSettings = {
				ASSETCATALOG_COMPILER_APPICON_NAME = AppIcon;
				INFOPLIST_FILE = CounterApp/Info.plist;
				LD_RUNPATH_SEARCH_PATHS = "$(inherited) @executable_path/Frameworks";
				PRODUCT_BUNDLE_IDENTIFIER = CounterApp.CounterApp;
				PRODUCT_NAME = "$(TARGET_NAME)";
				SWIFT_VERSION = 3.0;
			};
			name = Release;
		};
		8B337FDA1FDBB73400842AFC /* Debug */ = {
			isa = XCBuildConfiguration;
			buildSettings = {
				ALWAYS_EMBED_SWIFT_STANDARD_LIBRARIES = YES;
				BUNDLE_LOADER = "$(TEST_HOST)";
				INFOPLIST_FILE = CounterAppTests/Info.plist;
				LD_RUNPATH_SEARCH_PATHS = "$(inherited) @executable_path/Frameworks @loader_path/Frameworks";
				PRODUCT_BUNDLE_IDENTIFIER = CounterApp.CounterAppTests;
				PRODUCT_NAME = "$(TARGET_NAME)";
				SWIFT_VERSION = 3.0;
				TEST_HOST = "$(BUILT_PRODUCTS_DIR)/CounterApp.app/CounterApp";
			};
			name = Debug;
		};
		8B337FDB1FDBB73400842AFC /* Release */ = {
			isa = XCBuildConfiguration;
			buildSettings = {
				ALWAYS_EMBED_SWIFT_STANDARD_LIBRARIES = YES;
				BUNDLE_LOADER = "$(TEST_HOST)";
				INFOPLIST_FILE = CounterAppTests/Info.plist;
				LD_RUNPATH_SEARCH_PATHS = "$(inherited) @executable_path/Frameworks @loader_path/Frameworks";
				PRODUCT_BUNDLE_IDENTIFIER = CounterApp.CounterAppTests;
				PRODUCT_NAME = "$(TARGET_NAME)";
				SWIFT_VERSION = 3.0;
				TEST_HOST = "$(BUILT_PRODUCTS_DIR)/CounterApp.app/CounterApp";
			};
			name = Release;
		};
		8B337FDD1FDBB73400842AFC /* Debug */ = {
			isa = XCBuildConfiguration;
			buildSettings = {
				ALWAYS_EMBED_SWIFT_STANDARD_LIBRARIES = YES;
				INFOPLIST_FILE = CounterAppUITests/Info.plist;
				LD_RUNPATH_SEARCH_PATHS = "$(inherited) @executable_path/Frameworks @loader_path/Frameworks";
				PRODUCT_BUNDLE_IDENTIFIER = CounterApp.CounterAppUITests;
				PRODUCT_NAME = "$(TARGET_NAME)";
				SWIFT_VERSION = 3.0;
				TEST_TARGET_NAME = CounterApp;
			};
			name = Debug;
		};
		8B337FDE1FDBB73400842AFC /* Release */ = {
			isa = XCBuildConfiguration;
			buildSettings = {
				ALWAYS_EMBED_SWIFT_STANDARD_LIBRARIES = YES;
				INFOPLIST_FILE = CounterAppUITests/Info.plist;
				LD_RUNPATH_SEARCH_PATHS = "$(inherited) @executable_path/Frameworks @loader_path/Frameworks";
				PRODUCT_BUNDLE_IDENTIFIER = CounterApp.CounterAppUITests;
				PRODUCT_NAME = "$(TARGET_NAME)";
				SWIFT_VERSION = 3.0;
				TEST_TARGET_NAME = CounterApp;
			};
			name = Release;
		};
/* End XCBuildConfiguration section */

/* Begin XCConfigurationList section */
		8B337FA61FDBB73400842AFC /* Build configuration list for PBXProject "CounterApp" */ = {
			isa = XCConfigurationList;
			buildConfigurations = (
				8B337FD41FDBB73400842AFC /* Debug */,
				8B337FD51FDBB73400842AFC /* Release */,
			);
			defaultConfigurationIsVisible = 0;
			defaultConfigurationName = Release;
		};
		8B337FD61FDBB73400842AFC /* Build configuration list for PBXNativeTarget "CounterApp" */ = {
			isa = XCConfigurationList;
			buildConfigurations = (
				8B337FD71FDBB73400842AFC /* Debug */,
				8B337FD81FDBB73400842AFC /* Release */,
			);
			defaultConfigurationIsVisible = 0;
		};
		8B337FD91FDBB73400842AFC /* Build configuration list for PBXNativeTarget "CounterAppTests" */ = {
			isa = XCConfigurationList;
			buildConfigurations = (
				8B337FDA1FDBB73400842AFC /* Debug */,
				8B337FDB1FDBB73400842AFC /* Release */,
			);
			defaultConfigurationIsVisible = 0;
		};
		8B337FDC1FDBB73400842AFC /* Build configuration list for PBXNativeTarget "CounterAppUITests" */ = {
			isa = XCConfigurationList;
			buildConfigurations = (
				8B337FDD1FDBB73400842AFC /* Debug */,
				8B337FDE1FDBB73400842AFC /* Release */,
			);
			defaultConfigurationIsVisible = 0;
		};
/* End XCConfigurationList section */

/* Begin XCVersionGroup section */
		8B337FB51FDBB73400842AFC /* CounterApp.xcdatamodeld */ = {
			isa = XCVersionGroup;
			children = (
				8B337FB61FDBB73400842AFC /* CounterApp.xcdatamodel */,
			);
			currentVersion = 8B337FB61FDBB73400842AFC /* CounterApp.xcdatamodel */;
			path = CounterApp.xcdatamodeld;
			sourceTree = "<group>";
			versionGroupType = wrapper.xcdatamodel;
		};
/* End XCVersionGroup section */
	};
	rootObject = 8B337FA31FDBB73400842AFC /* Project object */;
}
